
Microsoft Visual Studio Solution File, Format Version 12.00
# Visual Studio 15
VisualStudioVersion = 15.0.28307.271
MinimumVisualStudioVersion = 10.0.40219.1
Project("{FAE04EC0-301F-11D3-BF4B-00C04F79EFBC}") = "IAIA", "IAIA\IAIA.csproj", "{F8746C45-A2C1-48F4-9748-3E3EAF34AA66}"
EndProject
Global
	GlobalSection(SolutionConfigurationPlatforms) = preSolution
		Debug|Any CPU = Debug|Any CPU
		Release|Any CPU = Release|Any CPU
	EndGlobalSection
	GlobalSection(ProjectConfigurationPlatforms) = postSolution
		{F8746C45-A2C1-48F4-9748-3E3EAF34AA66}.Debug|Any CPU.ActiveCfg = Debug|Any CPU
		{F8746C45-A2C1-48F4-9748-3E3EAF34AA66}.Debug|Any CPU.Build.0 = Debug|Any CPU
		{F8746C45-A2C1-48F4-9748-3E3EAF34AA66}.Release|Any CPU.ActiveCfg = Release|Any CPU
		{F8746C45-A2C1-48F4-9748-3E3EAF34AA66}.Release|Any CPU.Build.0 = Release|Any CPU
	EndGlobalSection
	GlobalSection(SolutionProperties) = preSolution
		HideSolutionNode = FALSE
	EndGlobalSection
	GlobalSection(ExtensibilityGlobals) = postSolution
		SolutionGuid = {0DD5E228-4278-41C0-BC09-CDFB8241E222}
	EndGlobalSection
EndGlobal
